
Microsoft Visual Studio Solution File, Format Version 12.00
# Visual Studio Version 16
VisualStudioVersion = 16.0.30907.101
MinimumVisualStudioVersion = 10.0.40219.1
Project("{FAE04EC0-301F-11D3-BF4B-00C04F79EFBC}") = "GenPerfData", "GenPerfData.csproj", "{283BD5E7-717A-45A1-8212-B7F22B222FEB}"
EndProject
Global
	GlobalSection(SolutionConfigurationPlatforms) = preSolution
		Debug|Any CPU = Debug|Any CPU
		Release|Any CPU = Release|Any CPU
	EndGlobalSection
	GlobalSection(ProjectConfigurationPlatforms) = postSolution
		{283BD5E7-717A-45A1-8212-B7F22B222FEB}.Debug|Any CPU.ActiveCfg = Debug|Any CPU
		{283BD5E7-717A-45A1-8212-B7F22B222FEB}.Debug|Any CPU.Build.0 = Debug|Any CPU
		{283BD5E7-717A-45A1-8212-B7F22B222FEB}.Release|Any CPU.ActiveCfg = Release|Any CPU
		{283BD5E7-717A-45A1-8212-B7F22B222FEB}.Release|Any CPU.Build.0 = Release|Any CPU
	EndGlobalSection
	GlobalSection(SolutionProperties) = preSolution
		HideSolutionNode = FALSE
	EndGlobalSection
	GlobalSection(ExtensibilityGlobals) = postSolution
		SolutionGuid = {4B1CBAA8-D22D-4E16-9638-5741B40FA539}
	EndGlobalSection
EndGlobal
